
Microsoft Visual Studio Solution File, Format Version 12.00
# Visual Studio 15
VisualStudioVersion = 15.0.27130.2024
MinimumVisualStudioVersion = 10.0.40219.1
Project("{9A19103F-16F7-4668-BE54-9A1E7A4F7556}") = "ConsoleApp1", "ConsoleApp1\ConsoleApp1.csproj", "{884823B1-3FC5-4A85-9089-053E32F8B99D}"
EndProject
Project("{9A19103F-16F7-4668-BE54-9A1E7A4F7556}") = "DebitCardNumber", "DebitCardNumber\DebitCardNumber.csproj", "{3B782E25-2CC3-45EB-9F23-F57847096F24}"
EndProject
Project("{9A19103F-16F7-4668-BE54-9A1E7A4F7556}") = "RectangleArea", "RectangleArea\RectangleArea.csproj", "{D9DB9834-DB7A-4A53-A457-0A0E10A11C6D}"
EndProject
Project("{9A19103F-16F7-4668-BE54-9A1E7A4F7556}") = "MilesToKilometers", "MilesToKilometers\MilesToKilometers.csproj", "{198B3A35-BE57-4784-B23E-8A923EB0C347}"
EndProject
Project("{9A19103F-16F7-4668-BE54-9A1E7A4F7556}") = "BeverageLabels", "BeverageLabels\BeverageLabels.csproj", "{4861A717-050C-4946-9CA0-F8C0EB39FA40}"
EndProject
Project("{9A19103F-16F7-4668-BE54-9A1E7A4F7556}") = "CharacterStats", "CharacterStats\CharacterStats.csproj", "{998992EA-FA86-461E-BDE3-82E3B8FE7849}"
EndProject
Project("{2150E333-8FDC-42A3-9474-1A3956D46DE8}") = "BasicSyntax", "BasicSyntax", "{55D098DB-62B2-4DEC-B637-3B2C6F795763}"
EndProject
Project("{2150E333-8FDC-42A3-9474-1A3956D46DE8}") = "Conditional Statements and Loops", "Conditional Statements and Loops", "{DF1FEA80-3EBE-49D1-8117-D213C35065AA}"
EndProject
Project("{9A19103F-16F7-4668-BE54-9A1E7A4F7556}") = "TriangleOfNumbers", "TriangleOfNumbers\TriangleOfNumbers.csproj", "{846FA9AF-BEEB-4999-B718-12AE29818700}"
EndProject
Project("{FAE04EC0-301F-11D3-BF4B-00C04F79EFBC}") = "ChooseADrink", "ChooseADrink\ChooseADrink.csproj", "{2B7848A7-3B27-4D4C-9F13-4B9DDBA242FD}"
EndProject
Project("{FAE04EC0-301F-11D3-BF4B-00C04F79EFBC}") = "ChooseADrink2", "ChooseADrink2\ChooseADrink2.csproj", "{F2FEE309-7F95-43A4-A92E-3B98AD24334D}"
EndProject
Project("{FAE04EC0-301F-11D3-BF4B-00C04F79EFBC}") = "RestaurantDiscount", "RestaurantDiscount\RestaurantDiscount.csproj", "{BBC3AC08-9015-4630-AEA3-47197A77EF92}"
EndProject
Project("{FAE04EC0-301F-11D3-BF4B-00C04F79EFBC}") = "IntervalOfNumbers", "IntervalOfNumbers\IntervalOfNumbers.csproj", "{225775B0-853E-4AFE-B1C3-9AD599075BF1}"
EndProject
Project("{FAE04EC0-301F-11D3-BF4B-00C04F79EFBC}") = "CakeIngredients", "CakeIngredients\CakeIngredients.csproj", "{15A69178-7074-49F2-AF3D-2E5C1203FA62}"
EndProject
Project("{FAE04EC0-301F-11D3-BF4B-00C04F79EFBC}") = "CakeIngredients2", "CakeIngredients2\CakeIngredients2.csproj", "{287DECA5-DFF0-4D53-9011-51B540975E14}"
EndProject
Project("{FAE04EC0-301F-11D3-BF4B-00C04F79EFBC}") = "CaloriesCounter", "CaloriesCounter\CaloriesCounter.csproj", "{91EE4AF0-F485-4634-88F4-83DE13D8259D}"
EndProject
Project("{FAE04EC0-301F-11D3-BF4B-00C04F79EFBC}") = "OddNumber", "OddNumber\OddNumber.csproj", "{353CC87D-B610-4A26-9F79-B21D5F4D49DA}"
EndProject
Project("{FAE04EC0-301F-11D3-BF4B-00C04F79EFBC}") = "5DifferentNumbers", "5DifferentNumbers\5DifferentNumbers.csproj", "{2DF4F951-5B7B-46C2-B447-690E5F0D26C3}"
EndProject
Project("{FAE04EC0-301F-11D3-BF4B-00C04F79EFBC}") = "Hotel", "Hotel\Hotel.csproj", "{100F667C-811D-4649-9C1E-BC9F2E135E43}"
EndProject
Project("{FAE04EC0-301F-11D3-BF4B-00C04F79EFBC}") = "CountTheIntegers", "CountTheIntegers\CountTheIntegers.csproj", "{FDAE1D4F-CBEE-45BF-A24E-42EA6F0BAA4D}"
EndProject
Project("{FAE04EC0-301F-11D3-BF4B-00C04F79EFBC}") = "TestNumbers", "TestNumbers\TestNumbers.csproj", "{F32D0E46-DC5A-4898-ACDF-19DD81636D1C}"
EndProject
Global
	GlobalSection(SolutionConfigurationPlatforms) = preSolution
		Debug|Any CPU = Debug|Any CPU
		Release|Any CPU = Release|Any CPU
	EndGlobalSection
	GlobalSection(ProjectConfigurationPlatforms) = postSolution
		{884823B1-3FC5-4A85-9089-053E32F8B99D}.Debug|Any CPU.ActiveCfg = Debug|Any CPU
		{884823B1-3FC5-4A85-9089-053E32F8B99D}.Debug|Any CPU.Build.0 = Debug|Any CPU
		{884823B1-3FC5-4A85-9089-053E32F8B99D}.Release|Any CPU.ActiveCfg = Release|Any CPU
		{884823B1-3FC5-4A85-9089-053E32F8B99D}.Release|Any CPU.Build.0 = Release|Any CPU
		{3B782E25-2CC3-45EB-9F23-F57847096F24}.Debug|Any CPU.ActiveCfg = Debug|Any CPU
		{3B782E25-2CC3-45EB-9F23-F57847096F24}.Debug|Any CPU.Build.0 = Debug|Any CPU
		{3B782E25-2CC3-45EB-9F23-F57847096F24}.Release|Any CPU.ActiveCfg = Release|Any CPU
		{3B782E25-2CC3-45EB-9F23-F57847096F24}.Release|Any CPU.Build.0 = Release|Any CPU
		{D9DB9834-DB7A-4A53-A457-0A0E10A11C6D}.Debug|Any CPU.ActiveCfg = Debug|Any CPU
		{D9DB9834-DB7A-4A53-A457-0A0E10A11C6D}.Debug|Any CPU.Build.0 = Debug|Any CPU
		{D9DB9834-DB7A-4A53-A457-0A0E10A11C6D}.Release|Any CPU.ActiveCfg = Release|Any CPU
		{D9DB9834-DB7A-4A53-A457-0A0E10A11C6D}.Release|Any CPU.Build.0 = Release|Any CPU
		{198B3A35-BE57-4784-B23E-8A923EB0C347}.Debug|Any CPU.ActiveCfg = Debug|Any CPU
		{198B3A35-BE57-4784-B23E-8A923EB0C347}.Debug|Any CPU.Build.0 = Debug|Any CPU
		{198B3A35-BE57-4784-B23E-8A923EB0C347}.Release|Any CPU.ActiveCfg = Release|Any CPU
		{198B3A35-BE57-4784-B23E-8A923EB0C347}.Release|Any CPU.Build.0 = Release|Any CPU
		{4861A717-050C-4946-9CA0-F8C0EB39FA40}.Debug|Any CPU.ActiveCfg = Debug|Any CPU
		{4861A717-050C-4946-9CA0-F8C0EB39FA40}.Debug|Any CPU.Build.0 = Debug|Any CPU
		{4861A717-050C-4946-9CA0-F8C0EB39FA40}.Release|Any CPU.ActiveCfg = Release|Any CPU
		{4861A717-050C-4946-9CA0-F8C0EB39FA40}.Release|Any CPU.Build.0 = Release|Any CPU
		{998992EA-FA86-461E-BDE3-82E3B8FE7849}.Debug|Any CPU.ActiveCfg = Debug|Any CPU
		{998992EA-FA86-461E-BDE3-82E3B8FE7849}.Debug|Any CPU.Build.0 = Debug|Any CPU
		{998992EA-FA86-461E-BDE3-82E3B8FE7849}.Release|Any CPU.ActiveCfg = Release|Any CPU
		{998992EA-FA86-461E-BDE3-82E3B8FE7849}.Release|Any CPU.Build.0 = Release|Any CPU
		{846FA9AF-BEEB-4999-B718-12AE29818700}.Debug|Any CPU.ActiveCfg = Debug|Any CPU
		{846FA9AF-BEEB-4999-B718-12AE29818700}.Debug|Any CPU.Build.0 = Debug|Any CPU
		{846FA9AF-BEEB-4999-B718-12AE29818700}.Release|Any CPU.ActiveCfg = Release|Any CPU
		{846FA9AF-BEEB-4999-B718-12AE29818700}.Release|Any CPU.Build.0 = Release|Any CPU
		{2B7848A7-3B27-4D4C-9F13-4B9DDBA242FD}.Debug|Any CPU.ActiveCfg = Debug|Any CPU
		{2B7848A7-3B27-4D4C-9F13-4B9DDBA242FD}.Debug|Any CPU.Build.0 = Debug|Any CPU
		{2B7848A7-3B27-4D4C-9F13-4B9DDBA242FD}.Release|Any CPU.ActiveCfg = Release|Any CPU
		{2B7848A7-3B27-4D4C-9F13-4B9DDBA242FD}.Release|Any CPU.Build.0 = Release|Any CPU
		{F2FEE309-7F95-43A4-A92E-3B98AD24334D}.Debug|Any CPU.ActiveCfg = Debug|Any CPU
		{F2FEE309-7F95-43A4-A92E-3B98AD24334D}.Debug|Any CPU.Build.0 = Debug|Any CPU
		{F2FEE309-7F95-43A4-A92E-3B98AD24334D}.Release|Any CPU.ActiveCfg = Release|Any CPU
		{F2FEE309-7F95-43A4-A92E-3B98AD24334D}.Release|Any CPU.Build.0 = Release|Any CPU
		{BBC3AC08-9015-4630-AEA3-47197A77EF92}.Debug|Any CPU.ActiveCfg = Debug|Any CPU
		{BBC3AC08-9015-4630-AEA3-47197A77EF92}.Debug|Any CPU.Build.0 = Debug|Any CPU
		{BBC3AC08-9015-4630-AEA3-47197A77EF92}.Release|Any CPU.ActiveCfg = Release|Any CPU
		{BBC3AC08-9015-4630-AEA3-47197A77EF92}.Release|Any CPU.Build.0 = Release|Any CPU
		{225775B0-853E-4AFE-B1C3-9AD599075BF1}.Debug|Any CPU.ActiveCfg = Debug|Any CPU
		{225775B0-853E-4AFE-B1C3-9AD599075BF1}.Debug|Any CPU.Build.0 = Debug|Any CPU
		{225775B0-853E-4AFE-B1C3-9AD599075BF1}.Release|Any CPU.ActiveCfg = Release|Any CPU
		{225775B0-853E-4AFE-B1C3-9AD599075BF1}.Release|Any CPU.Build.0 = Release|Any CPU
		{15A69178-7074-49F2-AF3D-2E5C1203FA62}.Debug|Any CPU.ActiveCfg = Debug|Any CPU
		{15A69178-7074-49F2-AF3D-2E5C1203FA62}.Debug|Any CPU.Build.0 = Debug|Any CPU
		{15A69178-7074-49F2-AF3D-2E5C1203FA62}.Release|Any CPU.ActiveCfg = Release|Any CPU
		{15A69178-7074-49F2-AF3D-2E5C1203FA62}.Release|Any CPU.Build.0 = Release|Any CPU
		{287DECA5-DFF0-4D53-9011-51B540975E14}.Debug|Any CPU.ActiveCfg = Debug|Any CPU
		{287DECA5-DFF0-4D53-9011-51B540975E14}.Debug|Any CPU.Build.0 = Debug|Any CPU
		{287DECA5-DFF0-4D53-9011-51B540975E14}.Release|Any CPU.ActiveCfg = Release|Any CPU
		{287DECA5-DFF0-4D53-9011-51B540975E14}.Release|Any CPU.Build.0 = Release|Any CPU
		{91EE4AF0-F485-4634-88F4-83DE13D8259D}.Debug|Any CPU.ActiveCfg = Debug|Any CPU
		{91EE4AF0-F485-4634-88F4-83DE13D8259D}.Debug|Any CPU.Build.0 = Debug|Any CPU
		{91EE4AF0-F485-4634-88F4-83DE13D8259D}.Release|Any CPU.ActiveCfg = Release|Any CPU
		{91EE4AF0-F485-4634-88F4-83DE13D8259D}.Release|Any CPU.Build.0 = Release|Any CPU
		{353CC87D-B610-4A26-9F79-B21D5F4D49DA}.Debug|Any CPU.ActiveCfg = Debug|Any CPU
		{353CC87D-B610-4A26-9F79-B21D5F4D49DA}.Debug|Any CPU.Build.0 = Debug|Any CPU
		{353CC87D-B610-4A26-9F79-B21D5F4D49DA}.Release|Any CPU.ActiveCfg = Release|Any CPU
		{353CC87D-B610-4A26-9F79-B21D5F4D49DA}.Release|Any CPU.Build.0 = Release|Any CPU
		{2DF4F951-5B7B-46C2-B447-690E5F0D26C3}.Debug|Any CPU.ActiveCfg = Debug|Any CPU
		{2DF4F951-5B7B-46C2-B447-690E5F0D26C3}.Debug|Any CPU.Build.0 = Debug|Any CPU
		{2DF4F951-5B7B-46C2-B447-690E5F0D26C3}.Release|Any CPU.ActiveCfg = Release|Any CPU
		{2DF4F951-5B7B-46C2-B447-690E5F0D26C3}.Release|Any CPU.Build.0 = Release|Any CPU
		{100F667C-811D-4649-9C1E-BC9F2E135E43}.Debug|Any CPU.ActiveCfg = Debug|Any CPU
		{100F667C-811D-4649-9C1E-BC9F2E135E43}.Debug|Any CPU.Build.0 = Debug|Any CPU
		{100F667C-811D-4649-9C1E-BC9F2E135E43}.Release|Any CPU.ActiveCfg = Release|Any CPU
		{100F667C-811D-4649-9C1E-BC9F2E135E43}.Release|Any CPU.Build.0 = Release|Any CPU
		{FDAE1D4F-CBEE-45BF-A24E-42EA6F0BAA4D}.Debug|Any CPU.ActiveCfg = Debug|Any CPU
		{FDAE1D4F-CBEE-45BF-A24E-42EA6F0BAA4D}.Debug|Any CPU.Build.0 = Debug|Any CPU
		{FDAE1D4F-CBEE-45BF-A24E-42EA6F0BAA4D}.Release|Any CPU.ActiveCfg = Release|Any CPU
		{FDAE1D4F-CBEE-45BF-A24E-42EA6F0BAA4D}.Release|Any CPU.Build.0 = Release|Any CPU
		{F32D0E46-DC5A-4898-ACDF-19DD81636D1C}.Debug|Any CPU.ActiveCfg = Debug|Any CPU
		{F32D0E46-DC5A-4898-ACDF-19DD81636D1C}.Debug|Any CPU.Build.0 = Debug|Any CPU
		{F32D0E46-DC5A-4898-ACDF-19DD81636D1C}.Release|Any CPU.ActiveCfg = Release|Any CPU
		{F32D0E46-DC5A-4898-ACDF-19DD81636D1C}.Release|Any CPU.Build.0 = Release|Any CPU
	EndGlobalSection
	GlobalSection(SolutionProperties) = preSolution
		HideSolutionNode = FALSE
	EndGlobalSection
	GlobalSection(NestedProjects) = preSolution
		{884823B1-3FC5-4A85-9089-053E32F8B99D} = {55D098DB-62B2-4DEC-B637-3B2C6F795763}
		{3B782E25-2CC3-45EB-9F23-F57847096F24} = {55D098DB-62B2-4DEC-B637-3B2C6F795763}
		{D9DB9834-DB7A-4A53-A457-0A0E10A11C6D} = {55D098DB-62B2-4DEC-B637-3B2C6F795763}
		{198B3A35-BE57-4784-B23E-8A923EB0C347} = {55D098DB-62B2-4DEC-B637-3B2C6F795763}
		{4861A717-050C-4946-9CA0-F8C0EB39FA40} = {55D098DB-62B2-4DEC-B637-3B2C6F795763}
		{998992EA-FA86-461E-BDE3-82E3B8FE7849} = {55D098DB-62B2-4DEC-B637-3B2C6F795763}
		{846FA9AF-BEEB-4999-B718-12AE29818700} = {DF1FEA80-3EBE-49D1-8117-D213C35065AA}
		{2B7848A7-3B27-4D4C-9F13-4B9DDBA242FD} = {DF1FEA80-3EBE-49D1-8117-D213C35065AA}
		{F2FEE309-7F95-43A4-A92E-3B98AD24334D} = {DF1FEA80-3EBE-49D1-8117-D213C35065AA}
		{BBC3AC08-9015-4630-AEA3-47197A77EF92} = {DF1FEA80-3EBE-49D1-8117-D213C35065AA}
		{225775B0-853E-4AFE-B1C3-9AD599075BF1} = {DF1FEA80-3EBE-49D1-8117-D213C35065AA}
		{15A69178-7074-49F2-AF3D-2E5C1203FA62} = {DF1FEA80-3EBE-49D1-8117-D213C35065AA}
		{287DECA5-DFF0-4D53-9011-51B540975E14} = {DF1FEA80-3EBE-49D1-8117-D213C35065AA}
		{91EE4AF0-F485-4634-88F4-83DE13D8259D} = {DF1FEA80-3EBE-49D1-8117-D213C35065AA}
		{353CC87D-B610-4A26-9F79-B21D5F4D49DA} = {DF1FEA80-3EBE-49D1-8117-D213C35065AA}
		{2DF4F951-5B7B-46C2-B447-690E5F0D26C3} = {DF1FEA80-3EBE-49D1-8117-D213C35065AA}
		{100F667C-811D-4649-9C1E-BC9F2E135E43} = {DF1FEA80-3EBE-49D1-8117-D213C35065AA}
		{FDAE1D4F-CBEE-45BF-A24E-42EA6F0BAA4D} = {DF1FEA80-3EBE-49D1-8117-D213C35065AA}
		{F32D0E46-DC5A-4898-ACDF-19DD81636D1C} = {DF1FEA80-3EBE-49D1-8117-D213C35065AA}
	EndGlobalSection
	GlobalSection(ExtensibilityGlobals) = postSolution
		SolutionGuid = {325CA4A0-4972-4DD8-8342-E02178B1F618}
	EndGlobalSection
EndGlobal
