
Microsoft Visual Studio Solution File, Format Version 12.00
# Visual Studio 15
VisualStudioVersion = 15.0.27130.2024
MinimumVisualStudioVersion = 10.0.40219.1
Project("{9A19103F-16F7-4668-BE54-9A1E7A4F7556}") = "ConsoleApp1", "ConsoleApp1\ConsoleApp1.csproj", "{884823B1-3FC5-4A85-9089-053E32F8B99D}"
EndProject
Project("{9A19103F-16F7-4668-BE54-9A1E7A4F7556}") = "DebitCardNumber", "DebitCardNumber\DebitCardNumber.csproj", "{3B782E25-2CC3-45EB-9F23-F57847096F24}"
EndProject
Project("{9A19103F-16F7-4668-BE54-9A1E7A4F7556}") = "RectangleArea", "RectangleArea\RectangleArea.csproj", "{D9DB9834-DB7A-4A53-A457-0A0E10A11C6D}"
EndProject
Project("{9A19103F-16F7-4668-BE54-9A1E7A4F7556}") = "MilesToKilometers", "MilesToKilometers\MilesToKilometers.csproj", "{198B3A35-BE57-4784-B23E-8A923EB0C347}"
EndProject
Project("{9A19103F-16F7-4668-BE54-9A1E7A4F7556}") = "BeverageLabels", "BeverageLabels\BeverageLabels.csproj", "{4861A717-050C-4946-9CA0-F8C0EB39FA40}"
EndProject
Project("{9A19103F-16F7-4668-BE54-9A1E7A4F7556}") = "CharacterStats", "CharacterStats\CharacterStats.csproj", "{998992EA-FA86-461E-BDE3-82E3B8FE7849}"
EndProject
Project("{2150E333-8FDC-42A3-9474-1A3956D46DE8}") = "BasicSyntax", "BasicSyntax", "{55D098DB-62B2-4DEC-B637-3B2C6F795763}"
EndProject
Project("{2150E333-8FDC-42A3-9474-1A3956D46DE8}") = "Conditional Statements and Loops", "Conditional Statements and Loops", "{DF1FEA80-3EBE-49D1-8117-D213C35065AA}"
EndProject
Project("{9A19103F-16F7-4668-BE54-9A1E7A4F7556}") = "TriangleOfNumbers", "TriangleOfNumbers\TriangleOfNumbers.csproj", "{846FA9AF-BEEB-4999-B718-12AE29818700}"
EndProject
Project("{9A19103F-16F7-4668-BE54-9A1E7A4F7556}") = "ChooseADrink", "ChooseADrink\ChooseADrink.csproj", "{2B7848A7-3B27-4D4C-9F13-4B9DDBA242FD}"
EndProject
Project("{9A19103F-16F7-4668-BE54-9A1E7A4F7556}") = "ChooseADrink2", "ChooseADrink2\ChooseADrink2.csproj", "{F2FEE309-7F95-43A4-A92E-3B98AD24334D}"
EndProject
Project("{9A19103F-16F7-4668-BE54-9A1E7A4F7556}") = "RestaurantDiscount", "RestaurantDiscount\RestaurantDiscount.csproj", "{BBC3AC08-9015-4630-AEA3-47197A77EF92}"
EndProject
Project("{9A19103F-16F7-4668-BE54-9A1E7A4F7556}") = "IntervalOfNumbers", "IntervalOfNumbers\IntervalOfNumbers.csproj", "{225775B0-853E-4AFE-B1C3-9AD599075BF1}"
EndProject
Project("{9A19103F-16F7-4668-BE54-9A1E7A4F7556}") = "CakeIngredients", "CakeIngredients\CakeIngredients.csproj", "{15A69178-7074-49F2-AF3D-2E5C1203FA62}"
EndProject
Project("{9A19103F-16F7-4668-BE54-9A1E7A4F7556}") = "CakeIngredients2", "CakeIngredients2\CakeIngredients2.csproj", "{287DECA5-DFF0-4D53-9011-51B540975E14}"
EndProject
Project("{9A19103F-16F7-4668-BE54-9A1E7A4F7556}") = "CaloriesCounter", "CaloriesCounter\CaloriesCounter.csproj", "{91EE4AF0-F485-4634-88F4-83DE13D8259D}"
EndProject
Project("{9A19103F-16F7-4668-BE54-9A1E7A4F7556}") = "OddNumber", "OddNumber\OddNumber.csproj", "{353CC87D-B610-4A26-9F79-B21D5F4D49DA}"
EndProject
Project("{9A19103F-16F7-4668-BE54-9A1E7A4F7556}") = "5DifferentNumbers", "5DifferentNumbers\5DifferentNumbers.csproj", "{2DF4F951-5B7B-46C2-B447-690E5F0D26C3}"
EndProject
Project("{9A19103F-16F7-4668-BE54-9A1E7A4F7556}") = "Hotel", "Hotel\Hotel.csproj", "{100F667C-811D-4649-9C1E-BC9F2E135E43}"
EndProject
Project("{9A19103F-16F7-4668-BE54-9A1E7A4F7556}") = "CountTheIntegers", "CountTheIntegers\CountTheIntegers.csproj", "{FDAE1D4F-CBEE-45BF-A24E-42EA6F0BAA4D}"
EndProject
Project("{9A19103F-16F7-4668-BE54-9A1E7A4F7556}") = "TestNumbers", "TestNumbers\TestNumbers.csproj", "{F32D0E46-DC5A-4898-ACDF-19DD81636D1C}"
EndProject
Project("{9A19103F-16F7-4668-BE54-9A1E7A4F7556}") = "GameOfNumbers", "GameOfNumbers\GameOfNumbers.csproj", "{7F0B0E11-854A-4F2D-8BAF-5BCA2D231D72}"
EndProject
Project("{9A19103F-16F7-4668-BE54-9A1E7A4F7556}") = "MagicLetter", "MagicLetter\MagicLetter.csproj", "{F06D49EA-1A46-4A02-A64D-00A2AE45BF6A}"
EndProject
Project("{9A19103F-16F7-4668-BE54-9A1E7A4F7556}") = "NeighbourWars", "NeighbourWars\NeighbourWars.csproj", "{81FE3793-48D6-4955-BDEC-4B936D1E0535}"
EndProject
Project("{9A19103F-16F7-4668-BE54-9A1E7A4F7556}") = "WordInPlural", "WordInPlural\WordInPlural.csproj", "{0D6436DB-7B05-4691-A42D-DE21C7E68422}"
EndProject
Project("{2150E333-8FDC-42A3-9474-1A3956D46DE8}") = "DataTypesAndVariables", "DataTypesAndVariables", "{C629B453-3ED3-407E-B1F7-750B44C7E374}"
EndProject
Project("{9A19103F-16F7-4668-BE54-9A1E7A4F7556}") = "PracticeIntegers", "PracticeIntegers\PracticeIntegers.csproj", "{A27FB91B-9C65-47FE-A936-C02ADB579991}"
EndProject
Project("{9A19103F-16F7-4668-BE54-9A1E7A4F7556}") = "PracticeFloatingPoints", "PracticeFloatingPoints\PracticeFloatingPoints.csproj", "{9EB67013-32F8-49BE-A8FD-1FCA54DEEB89}"
EndProject
Project("{9A19103F-16F7-4668-BE54-9A1E7A4F7556}") = "PracticeCharsAndStrings", "PracticeCharsAndStrings\PracticeCharsAndStrings.csproj", "{006B73BC-93CF-46DD-81F1-E337BF6DB182}"
EndProject
Project("{9A19103F-16F7-4668-BE54-9A1E7A4F7556}") = "VariableInHexFormat", "VariableInHexFormat\VariableInHexFormat.csproj", "{5443EE54-5794-4F2E-B9CA-4AE14DDE7047}"
EndProject
Project("{9A19103F-16F7-4668-BE54-9A1E7A4F7556}") = "BooleanVariable", "BooleanVariable\BooleanVariable.csproj", "{9FF8D0E6-F638-457F-AAB9-D72D49309904}"
EndProject
Project("{9A19103F-16F7-4668-BE54-9A1E7A4F7556}") = "StringsAndObjects", "StringsAndObjects\StringsAndObjects.csproj", "{01747A96-6D36-480A-B33D-DB13A770CDA2}"
EndProject
Project("{9A19103F-16F7-4668-BE54-9A1E7A4F7556}") = "ExchangeVariableValues", "ExchangeVariableValues\ExchangeVariableValues.csproj", "{D1D96B8B-B897-401A-95D4-30BC79BCA194}"
EndProject
Project("{9A19103F-16F7-4668-BE54-9A1E7A4F7556}") = "EmployeeData", "EmployeeData\EmployeeData.csproj", "{B8756DD2-0C65-4B63-81DD-14FE10703879}"
EndProject
Project("{9A19103F-16F7-4668-BE54-9A1E7A4F7556}") = "ReversedChars", "ReversedChars\ReversedChars.csproj", "{F267C09E-06AC-41BB-9C78-5647F65972D6}"
EndProject
Project("{9A19103F-16F7-4668-BE54-9A1E7A4F7556}") = "CenturiesToNanoseconds", "CenturiesToNanoseconds\CenturiesToNanoseconds.csproj", "{4075D48E-9EF1-4CB6-8137-1AB525CC2891}"
EndProject
Project("{9A19103F-16F7-4668-BE54-9A1E7A4F7556}") = "ConvertSpeedUnits", "ConvertSpeedUnits\ConvertSpeedUnits.csproj", "{FA6C3785-CA2C-466F-98EC-6FFB3ECCB4A6}"
EndProject
Project("{9A19103F-16F7-4668-BE54-9A1E7A4F7556}") = "RectangleProperties", "RectangleProperties\RectangleProperties.csproj", "{99445A3D-32EF-40D8-9AD0-64FE3D66C9C7}"
EndProject
Project("{9A19103F-16F7-4668-BE54-9A1E7A4F7556}") = "VowelOrDigit", "VowelOrDigit\VowelOrDigit.csproj", "{47C730C4-8342-48FA-82CF-CE2602DEBC23}"
EndProject
Project("{9A19103F-16F7-4668-BE54-9A1E7A4F7556}") = "IntegerToHexAndBinary", "IntegerToHexAndBinary\IntegerToHexAndBinary.csproj", "{E6D760D3-A2BB-4AC6-9F89-A9D1B7363D2C}"
EndProject
Project("{9A19103F-16F7-4668-BE54-9A1E7A4F7556}") = "FastPrimeChecker", "FastPrimeChecker\FastPrimeChecker.csproj", "{F9A0C834-8639-4676-AA3E-EAEE3073DD5F}"
EndProject
Project("{9A19103F-16F7-4668-BE54-9A1E7A4F7556}") = "ComparingFloats", "ComparingFloats\ComparingFloats.csproj", "{0340515F-A77A-4D8F-BA0A-88525E26B46A}"
EndProject
Project("{9A19103F-16F7-4668-BE54-9A1E7A4F7556}") = "PrintPartOfASCIITable", "PrintPartOfASCIITable\PrintPartOfASCIITable.csproj", "{E6D72E2A-13F4-41A1-B917-58821E5E0697}"
EndProject
Project("{9A19103F-16F7-4668-BE54-9A1E7A4F7556}") = "DifferentIntegersSize", "DifferentIntegersSize\DifferentIntegersSize.csproj", "{1EB1F252-F7D1-41CB-8D3A-88A491F58DC7}"
EndProject
Project("{9A19103F-16F7-4668-BE54-9A1E7A4F7556}") = "TheaThePhotographer", "TheaThePhotographer\TheaThePhotographer.csproj", "{EF5C56C0-5513-4456-AE34-122FBB570A09}"
EndProject
Project("{2150E333-8FDC-42A3-9474-1A3956D46DE8}") = "Methods, Debugging and Troubleshooting Code", "Methods, Debugging and Troubleshooting Code", "{9A4FE288-7EAE-4B7D-98B7-591C8671AAA5}"
EndProject
Project("{9A19103F-16F7-4668-BE54-9A1E7A4F7556}") = "HelloName", "HelloName\HelloName.csproj", "{73EAADC0-012F-440D-B66D-8D438EA1423B}"
EndProject
Project("{9A19103F-16F7-4668-BE54-9A1E7A4F7556}") = "MaxMethod", "MaxMethod\MaxMethod.csproj", "{DF9AD2F4-BDF5-4E3B-80F5-90B873293A5E}"
EndProject
Project("{9A19103F-16F7-4668-BE54-9A1E7A4F7556}") = "EnglishNameOfLastDigit", "EnglishNameOfLastDigit\EnglishNameOfLastDigit.csproj", "{00A0CD4B-6B32-4865-B5E9-C7F7F2F33FA5}"
EndProject
Project("{9A19103F-16F7-4668-BE54-9A1E7A4F7556}") = "NumbersInReversedOrder", "NumbersInReversedOrder\NumbersInReversedOrder.csproj", "{A248A21D-BBC9-4C3E-9A0A-F0374BCF01D2}"
EndProject
Project("{9A19103F-16F7-4668-BE54-9A1E7A4F7556}") = "FibonacciNumbers", "FibonacciNumbers\FibonacciNumbers.csproj", "{A6D64411-4938-435B-99CE-CEF3DE0E1EC3}"
EndProject
Project("{9A19103F-16F7-4668-BE54-9A1E7A4F7556}") = "PrimeChecker", "PrimeChecker\PrimeChecker.csproj", "{9643CE2B-A5C1-4EC4-8563-CD750573B0F8}"
EndProject
Project("{2150E333-8FDC-42A3-9474-1A3956D46DE8}") = "Arrays", "Arrays", "{5587F076-A54F-45ED-A409-193F6FA83AFC}"
EndProject
Project("{FAE04EC0-301F-11D3-BF4B-00C04F79EFBC}") = "DayOfWeek", "DayOfWeek\DayOfWeek.csproj", "{EA68F764-13C9-474B-B188-13EBAE3D91DE}"
EndProject
Project("{FAE04EC0-301F-11D3-BF4B-00C04F79EFBC}") = "ReverseArrayOfIntegers", "ReverseArrayOfIntegers\ReverseArrayOfIntegers.csproj", "{950EFABF-DDFF-4ED3-BDAB-A86FC6ACF071}"
EndProject
Project("{FAE04EC0-301F-11D3-BF4B-00C04F79EFBC}") = "LastK_NumbersSums", "LastK_NumbersSums\LastK_NumbersSums.csproj", "{CF183C36-9E42-49E3-948B-36D95CBCED7A}"
EndProject
Project("{FAE04EC0-301F-11D3-BF4B-00C04F79EFBC}") = "TripleSum", "TripleSum\TripleSum.csproj", "{B53A6D60-9886-4D06-B550-AC9A27B11797}"
EndProject
Project("{FAE04EC0-301F-11D3-BF4B-00C04F79EFBC}") = "RoundingNumbers", "RoundingNumbers\RoundingNumbers.csproj", "{D971475D-6DA4-4668-B936-05BCB01874B0}"
EndProject
Project("{FAE04EC0-301F-11D3-BF4B-00C04F79EFBC}") = "ReverseArrayOfStrings", "ReverseArrayOfStrings\ReverseArrayOfStrings.csproj", "{B1580C61-EA39-433F-8279-623CBDED29C7}"
EndProject
Project("{FAE04EC0-301F-11D3-BF4B-00C04F79EFBC}") = "CondenseArrayToNumber", "CondenseArrayToNumber\CondenseArrayToNumber.csproj", "{4F439261-F407-4E4C-992B-571770D1D484}"
EndProject
Project("{FAE04EC0-301F-11D3-BF4B-00C04F79EFBC}") = "ExtractMiddleElements", "ExtractMiddleElements\ExtractMiddleElements.csproj", "{3F78B850-FCF7-4FAB-8882-D76B7D1FEE00}"
EndProject
Project("{FAE04EC0-301F-11D3-BF4B-00C04F79EFBC}") = "LargestCommonEnd", "LargestCommonEnd\LargestCommonEnd.csproj", "{316017E1-334A-4E20-B7F6-093D1F94557B}"
EndProject
Project("{FAE04EC0-301F-11D3-BF4B-00C04F79EFBC}") = "RotateAndSum", "RotateAndSum\RotateAndSum.csproj", "{DF7EF63D-0B2C-42F2-82E9-668AF70F4836}"
EndProject
Project("{FAE04EC0-301F-11D3-BF4B-00C04F79EFBC}") = "FoldAndSum", "FoldAndSum\FoldAndSum.csproj", "{DF8E0D3C-AD79-457B-9F3D-F434467C8FD8}"
EndProject
Project("{FAE04EC0-301F-11D3-BF4B-00C04F79EFBC}") = "PairsByDifference", "PairsByDifference\PairsByDifference.csproj", "{2EC3BB97-F35D-4C82-8C20-6DB4DE5089C7}"
EndProject
Project("{2150E333-8FDC-42A3-9474-1A3956D46DE8}") = "Lists", "Lists", "{F989E856-5545-438F-BEC0-ADB28DD50721}"
EndProject
Project("{FAE04EC0-301F-11D3-BF4B-00C04F79EFBC}") = "ChangeList", "ChangeList\ChangeList.csproj", "{74853295-D52A-4A4D-BD98-4FC287C8BB47}"
EndProject
Project("{FAE04EC0-301F-11D3-BF4B-00C04F79EFBC}") = "SearchForANumber", "SearchForANumber\SearchForANumber.csproj", "{591D1CDC-1251-4DDB-9482-ED250F43EC0C}"
EndProject
Global
	GlobalSection(SolutionConfigurationPlatforms) = preSolution
		Debug|Any CPU = Debug|Any CPU
		Release|Any CPU = Release|Any CPU
	EndGlobalSection
	GlobalSection(ProjectConfigurationPlatforms) = postSolution
		{884823B1-3FC5-4A85-9089-053E32F8B99D}.Debug|Any CPU.ActiveCfg = Debug|Any CPU
		{884823B1-3FC5-4A85-9089-053E32F8B99D}.Debug|Any CPU.Build.0 = Debug|Any CPU
		{884823B1-3FC5-4A85-9089-053E32F8B99D}.Release|Any CPU.ActiveCfg = Release|Any CPU
		{884823B1-3FC5-4A85-9089-053E32F8B99D}.Release|Any CPU.Build.0 = Release|Any CPU
		{3B782E25-2CC3-45EB-9F23-F57847096F24}.Debug|Any CPU.ActiveCfg = Debug|Any CPU
		{3B782E25-2CC3-45EB-9F23-F57847096F24}.Debug|Any CPU.Build.0 = Debug|Any CPU
		{3B782E25-2CC3-45EB-9F23-F57847096F24}.Release|Any CPU.ActiveCfg = Release|Any CPU
		{3B782E25-2CC3-45EB-9F23-F57847096F24}.Release|Any CPU.Build.0 = Release|Any CPU
		{D9DB9834-DB7A-4A53-A457-0A0E10A11C6D}.Debug|Any CPU.ActiveCfg = Debug|Any CPU
		{D9DB9834-DB7A-4A53-A457-0A0E10A11C6D}.Debug|Any CPU.Build.0 = Debug|Any CPU
		{D9DB9834-DB7A-4A53-A457-0A0E10A11C6D}.Release|Any CPU.ActiveCfg = Release|Any CPU
		{D9DB9834-DB7A-4A53-A457-0A0E10A11C6D}.Release|Any CPU.Build.0 = Release|Any CPU
		{198B3A35-BE57-4784-B23E-8A923EB0C347}.Debug|Any CPU.ActiveCfg = Debug|Any CPU
		{198B3A35-BE57-4784-B23E-8A923EB0C347}.Debug|Any CPU.Build.0 = Debug|Any CPU
		{198B3A35-BE57-4784-B23E-8A923EB0C347}.Release|Any CPU.ActiveCfg = Release|Any CPU
		{198B3A35-BE57-4784-B23E-8A923EB0C347}.Release|Any CPU.Build.0 = Release|Any CPU
		{4861A717-050C-4946-9CA0-F8C0EB39FA40}.Debug|Any CPU.ActiveCfg = Debug|Any CPU
		{4861A717-050C-4946-9CA0-F8C0EB39FA40}.Debug|Any CPU.Build.0 = Debug|Any CPU
		{4861A717-050C-4946-9CA0-F8C0EB39FA40}.Release|Any CPU.ActiveCfg = Release|Any CPU
		{4861A717-050C-4946-9CA0-F8C0EB39FA40}.Release|Any CPU.Build.0 = Release|Any CPU
		{998992EA-FA86-461E-BDE3-82E3B8FE7849}.Debug|Any CPU.ActiveCfg = Debug|Any CPU
		{998992EA-FA86-461E-BDE3-82E3B8FE7849}.Debug|Any CPU.Build.0 = Debug|Any CPU
		{998992EA-FA86-461E-BDE3-82E3B8FE7849}.Release|Any CPU.ActiveCfg = Release|Any CPU
		{998992EA-FA86-461E-BDE3-82E3B8FE7849}.Release|Any CPU.Build.0 = Release|Any CPU
		{846FA9AF-BEEB-4999-B718-12AE29818700}.Debug|Any CPU.ActiveCfg = Debug|Any CPU
		{846FA9AF-BEEB-4999-B718-12AE29818700}.Debug|Any CPU.Build.0 = Debug|Any CPU
		{846FA9AF-BEEB-4999-B718-12AE29818700}.Release|Any CPU.ActiveCfg = Release|Any CPU
		{846FA9AF-BEEB-4999-B718-12AE29818700}.Release|Any CPU.Build.0 = Release|Any CPU
		{2B7848A7-3B27-4D4C-9F13-4B9DDBA242FD}.Debug|Any CPU.ActiveCfg = Debug|Any CPU
		{2B7848A7-3B27-4D4C-9F13-4B9DDBA242FD}.Debug|Any CPU.Build.0 = Debug|Any CPU
		{2B7848A7-3B27-4D4C-9F13-4B9DDBA242FD}.Release|Any CPU.ActiveCfg = Release|Any CPU
		{2B7848A7-3B27-4D4C-9F13-4B9DDBA242FD}.Release|Any CPU.Build.0 = Release|Any CPU
		{F2FEE309-7F95-43A4-A92E-3B98AD24334D}.Debug|Any CPU.ActiveCfg = Debug|Any CPU
		{F2FEE309-7F95-43A4-A92E-3B98AD24334D}.Debug|Any CPU.Build.0 = Debug|Any CPU
		{F2FEE309-7F95-43A4-A92E-3B98AD24334D}.Release|Any CPU.ActiveCfg = Release|Any CPU
		{F2FEE309-7F95-43A4-A92E-3B98AD24334D}.Release|Any CPU.Build.0 = Release|Any CPU
		{BBC3AC08-9015-4630-AEA3-47197A77EF92}.Debug|Any CPU.ActiveCfg = Debug|Any CPU
		{BBC3AC08-9015-4630-AEA3-47197A77EF92}.Debug|Any CPU.Build.0 = Debug|Any CPU
		{BBC3AC08-9015-4630-AEA3-47197A77EF92}.Release|Any CPU.ActiveCfg = Release|Any CPU
		{BBC3AC08-9015-4630-AEA3-47197A77EF92}.Release|Any CPU.Build.0 = Release|Any CPU
		{225775B0-853E-4AFE-B1C3-9AD599075BF1}.Debug|Any CPU.ActiveCfg = Debug|Any CPU
		{225775B0-853E-4AFE-B1C3-9AD599075BF1}.Debug|Any CPU.Build.0 = Debug|Any CPU
		{225775B0-853E-4AFE-B1C3-9AD599075BF1}.Release|Any CPU.ActiveCfg = Release|Any CPU
		{225775B0-853E-4AFE-B1C3-9AD599075BF1}.Release|Any CPU.Build.0 = Release|Any CPU
		{15A69178-7074-49F2-AF3D-2E5C1203FA62}.Debug|Any CPU.ActiveCfg = Debug|Any CPU
		{15A69178-7074-49F2-AF3D-2E5C1203FA62}.Debug|Any CPU.Build.0 = Debug|Any CPU
		{15A69178-7074-49F2-AF3D-2E5C1203FA62}.Release|Any CPU.ActiveCfg = Release|Any CPU
		{15A69178-7074-49F2-AF3D-2E5C1203FA62}.Release|Any CPU.Build.0 = Release|Any CPU
		{287DECA5-DFF0-4D53-9011-51B540975E14}.Debug|Any CPU.ActiveCfg = Debug|Any CPU
		{287DECA5-DFF0-4D53-9011-51B540975E14}.Debug|Any CPU.Build.0 = Debug|Any CPU
		{287DECA5-DFF0-4D53-9011-51B540975E14}.Release|Any CPU.ActiveCfg = Release|Any CPU
		{287DECA5-DFF0-4D53-9011-51B540975E14}.Release|Any CPU.Build.0 = Release|Any CPU
		{91EE4AF0-F485-4634-88F4-83DE13D8259D}.Debug|Any CPU.ActiveCfg = Debug|Any CPU
		{91EE4AF0-F485-4634-88F4-83DE13D8259D}.Debug|Any CPU.Build.0 = Debug|Any CPU
		{91EE4AF0-F485-4634-88F4-83DE13D8259D}.Release|Any CPU.ActiveCfg = Release|Any CPU
		{91EE4AF0-F485-4634-88F4-83DE13D8259D}.Release|Any CPU.Build.0 = Release|Any CPU
		{353CC87D-B610-4A26-9F79-B21D5F4D49DA}.Debug|Any CPU.ActiveCfg = Debug|Any CPU
		{353CC87D-B610-4A26-9F79-B21D5F4D49DA}.Debug|Any CPU.Build.0 = Debug|Any CPU
		{353CC87D-B610-4A26-9F79-B21D5F4D49DA}.Release|Any CPU.ActiveCfg = Release|Any CPU
		{353CC87D-B610-4A26-9F79-B21D5F4D49DA}.Release|Any CPU.Build.0 = Release|Any CPU
		{2DF4F951-5B7B-46C2-B447-690E5F0D26C3}.Debug|Any CPU.ActiveCfg = Debug|Any CPU
		{2DF4F951-5B7B-46C2-B447-690E5F0D26C3}.Debug|Any CPU.Build.0 = Debug|Any CPU
		{2DF4F951-5B7B-46C2-B447-690E5F0D26C3}.Release|Any CPU.ActiveCfg = Release|Any CPU
		{2DF4F951-5B7B-46C2-B447-690E5F0D26C3}.Release|Any CPU.Build.0 = Release|Any CPU
		{100F667C-811D-4649-9C1E-BC9F2E135E43}.Debug|Any CPU.ActiveCfg = Debug|Any CPU
		{100F667C-811D-4649-9C1E-BC9F2E135E43}.Debug|Any CPU.Build.0 = Debug|Any CPU
		{100F667C-811D-4649-9C1E-BC9F2E135E43}.Release|Any CPU.ActiveCfg = Release|Any CPU
		{100F667C-811D-4649-9C1E-BC9F2E135E43}.Release|Any CPU.Build.0 = Release|Any CPU
		{FDAE1D4F-CBEE-45BF-A24E-42EA6F0BAA4D}.Debug|Any CPU.ActiveCfg = Debug|Any CPU
		{FDAE1D4F-CBEE-45BF-A24E-42EA6F0BAA4D}.Debug|Any CPU.Build.0 = Debug|Any CPU
		{FDAE1D4F-CBEE-45BF-A24E-42EA6F0BAA4D}.Release|Any CPU.ActiveCfg = Release|Any CPU
		{FDAE1D4F-CBEE-45BF-A24E-42EA6F0BAA4D}.Release|Any CPU.Build.0 = Release|Any CPU
		{F32D0E46-DC5A-4898-ACDF-19DD81636D1C}.Debug|Any CPU.ActiveCfg = Debug|Any CPU
		{F32D0E46-DC5A-4898-ACDF-19DD81636D1C}.Debug|Any CPU.Build.0 = Debug|Any CPU
		{F32D0E46-DC5A-4898-ACDF-19DD81636D1C}.Release|Any CPU.ActiveCfg = Release|Any CPU
		{F32D0E46-DC5A-4898-ACDF-19DD81636D1C}.Release|Any CPU.Build.0 = Release|Any CPU
		{7F0B0E11-854A-4F2D-8BAF-5BCA2D231D72}.Debug|Any CPU.ActiveCfg = Debug|Any CPU
		{7F0B0E11-854A-4F2D-8BAF-5BCA2D231D72}.Debug|Any CPU.Build.0 = Debug|Any CPU
		{7F0B0E11-854A-4F2D-8BAF-5BCA2D231D72}.Release|Any CPU.ActiveCfg = Release|Any CPU
		{7F0B0E11-854A-4F2D-8BAF-5BCA2D231D72}.Release|Any CPU.Build.0 = Release|Any CPU
		{F06D49EA-1A46-4A02-A64D-00A2AE45BF6A}.Debug|Any CPU.ActiveCfg = Debug|Any CPU
		{F06D49EA-1A46-4A02-A64D-00A2AE45BF6A}.Debug|Any CPU.Build.0 = Debug|Any CPU
		{F06D49EA-1A46-4A02-A64D-00A2AE45BF6A}.Release|Any CPU.ActiveCfg = Release|Any CPU
		{F06D49EA-1A46-4A02-A64D-00A2AE45BF6A}.Release|Any CPU.Build.0 = Release|Any CPU
		{81FE3793-48D6-4955-BDEC-4B936D1E0535}.Debug|Any CPU.ActiveCfg = Debug|Any CPU
		{81FE3793-48D6-4955-BDEC-4B936D1E0535}.Debug|Any CPU.Build.0 = Debug|Any CPU
		{81FE3793-48D6-4955-BDEC-4B936D1E0535}.Release|Any CPU.ActiveCfg = Release|Any CPU
		{81FE3793-48D6-4955-BDEC-4B936D1E0535}.Release|Any CPU.Build.0 = Release|Any CPU
		{0D6436DB-7B05-4691-A42D-DE21C7E68422}.Debug|Any CPU.ActiveCfg = Debug|Any CPU
		{0D6436DB-7B05-4691-A42D-DE21C7E68422}.Debug|Any CPU.Build.0 = Debug|Any CPU
		{0D6436DB-7B05-4691-A42D-DE21C7E68422}.Release|Any CPU.ActiveCfg = Release|Any CPU
		{0D6436DB-7B05-4691-A42D-DE21C7E68422}.Release|Any CPU.Build.0 = Release|Any CPU
		{A27FB91B-9C65-47FE-A936-C02ADB579991}.Debug|Any CPU.ActiveCfg = Debug|Any CPU
		{A27FB91B-9C65-47FE-A936-C02ADB579991}.Debug|Any CPU.Build.0 = Debug|Any CPU
		{A27FB91B-9C65-47FE-A936-C02ADB579991}.Release|Any CPU.ActiveCfg = Release|Any CPU
		{A27FB91B-9C65-47FE-A936-C02ADB579991}.Release|Any CPU.Build.0 = Release|Any CPU
		{9EB67013-32F8-49BE-A8FD-1FCA54DEEB89}.Debug|Any CPU.ActiveCfg = Debug|Any CPU
		{9EB67013-32F8-49BE-A8FD-1FCA54DEEB89}.Debug|Any CPU.Build.0 = Debug|Any CPU
		{9EB67013-32F8-49BE-A8FD-1FCA54DEEB89}.Release|Any CPU.ActiveCfg = Release|Any CPU
		{9EB67013-32F8-49BE-A8FD-1FCA54DEEB89}.Release|Any CPU.Build.0 = Release|Any CPU
		{006B73BC-93CF-46DD-81F1-E337BF6DB182}.Debug|Any CPU.ActiveCfg = Debug|Any CPU
		{006B73BC-93CF-46DD-81F1-E337BF6DB182}.Debug|Any CPU.Build.0 = Debug|Any CPU
		{006B73BC-93CF-46DD-81F1-E337BF6DB182}.Release|Any CPU.ActiveCfg = Release|Any CPU
		{006B73BC-93CF-46DD-81F1-E337BF6DB182}.Release|Any CPU.Build.0 = Release|Any CPU
		{5443EE54-5794-4F2E-B9CA-4AE14DDE7047}.Debug|Any CPU.ActiveCfg = Debug|Any CPU
		{5443EE54-5794-4F2E-B9CA-4AE14DDE7047}.Debug|Any CPU.Build.0 = Debug|Any CPU
		{5443EE54-5794-4F2E-B9CA-4AE14DDE7047}.Release|Any CPU.ActiveCfg = Release|Any CPU
		{5443EE54-5794-4F2E-B9CA-4AE14DDE7047}.Release|Any CPU.Build.0 = Release|Any CPU
		{9FF8D0E6-F638-457F-AAB9-D72D49309904}.Debug|Any CPU.ActiveCfg = Debug|Any CPU
		{9FF8D0E6-F638-457F-AAB9-D72D49309904}.Debug|Any CPU.Build.0 = Debug|Any CPU
		{9FF8D0E6-F638-457F-AAB9-D72D49309904}.Release|Any CPU.ActiveCfg = Release|Any CPU
		{9FF8D0E6-F638-457F-AAB9-D72D49309904}.Release|Any CPU.Build.0 = Release|Any CPU
		{01747A96-6D36-480A-B33D-DB13A770CDA2}.Debug|Any CPU.ActiveCfg = Debug|Any CPU
		{01747A96-6D36-480A-B33D-DB13A770CDA2}.Debug|Any CPU.Build.0 = Debug|Any CPU
		{01747A96-6D36-480A-B33D-DB13A770CDA2}.Release|Any CPU.ActiveCfg = Release|Any CPU
		{01747A96-6D36-480A-B33D-DB13A770CDA2}.Release|Any CPU.Build.0 = Release|Any CPU
		{D1D96B8B-B897-401A-95D4-30BC79BCA194}.Debug|Any CPU.ActiveCfg = Debug|Any CPU
		{D1D96B8B-B897-401A-95D4-30BC79BCA194}.Debug|Any CPU.Build.0 = Debug|Any CPU
		{D1D96B8B-B897-401A-95D4-30BC79BCA194}.Release|Any CPU.ActiveCfg = Release|Any CPU
		{D1D96B8B-B897-401A-95D4-30BC79BCA194}.Release|Any CPU.Build.0 = Release|Any CPU
		{B8756DD2-0C65-4B63-81DD-14FE10703879}.Debug|Any CPU.ActiveCfg = Debug|Any CPU
		{B8756DD2-0C65-4B63-81DD-14FE10703879}.Debug|Any CPU.Build.0 = Debug|Any CPU
		{B8756DD2-0C65-4B63-81DD-14FE10703879}.Release|Any CPU.ActiveCfg = Release|Any CPU
		{B8756DD2-0C65-4B63-81DD-14FE10703879}.Release|Any CPU.Build.0 = Release|Any CPU
		{F267C09E-06AC-41BB-9C78-5647F65972D6}.Debug|Any CPU.ActiveCfg = Debug|Any CPU
		{F267C09E-06AC-41BB-9C78-5647F65972D6}.Debug|Any CPU.Build.0 = Debug|Any CPU
		{F267C09E-06AC-41BB-9C78-5647F65972D6}.Release|Any CPU.ActiveCfg = Release|Any CPU
		{F267C09E-06AC-41BB-9C78-5647F65972D6}.Release|Any CPU.Build.0 = Release|Any CPU
		{4075D48E-9EF1-4CB6-8137-1AB525CC2891}.Debug|Any CPU.ActiveCfg = Debug|Any CPU
		{4075D48E-9EF1-4CB6-8137-1AB525CC2891}.Debug|Any CPU.Build.0 = Debug|Any CPU
		{4075D48E-9EF1-4CB6-8137-1AB525CC2891}.Release|Any CPU.ActiveCfg = Release|Any CPU
		{4075D48E-9EF1-4CB6-8137-1AB525CC2891}.Release|Any CPU.Build.0 = Release|Any CPU
		{FA6C3785-CA2C-466F-98EC-6FFB3ECCB4A6}.Debug|Any CPU.ActiveCfg = Debug|Any CPU
		{FA6C3785-CA2C-466F-98EC-6FFB3ECCB4A6}.Debug|Any CPU.Build.0 = Debug|Any CPU
		{FA6C3785-CA2C-466F-98EC-6FFB3ECCB4A6}.Release|Any CPU.ActiveCfg = Release|Any CPU
		{FA6C3785-CA2C-466F-98EC-6FFB3ECCB4A6}.Release|Any CPU.Build.0 = Release|Any CPU
		{99445A3D-32EF-40D8-9AD0-64FE3D66C9C7}.Debug|Any CPU.ActiveCfg = Debug|Any CPU
		{99445A3D-32EF-40D8-9AD0-64FE3D66C9C7}.Debug|Any CPU.Build.0 = Debug|Any CPU
		{99445A3D-32EF-40D8-9AD0-64FE3D66C9C7}.Release|Any CPU.ActiveCfg = Release|Any CPU
		{99445A3D-32EF-40D8-9AD0-64FE3D66C9C7}.Release|Any CPU.Build.0 = Release|Any CPU
		{47C730C4-8342-48FA-82CF-CE2602DEBC23}.Debug|Any CPU.ActiveCfg = Debug|Any CPU
		{47C730C4-8342-48FA-82CF-CE2602DEBC23}.Debug|Any CPU.Build.0 = Debug|Any CPU
		{47C730C4-8342-48FA-82CF-CE2602DEBC23}.Release|Any CPU.ActiveCfg = Release|Any CPU
		{47C730C4-8342-48FA-82CF-CE2602DEBC23}.Release|Any CPU.Build.0 = Release|Any CPU
		{E6D760D3-A2BB-4AC6-9F89-A9D1B7363D2C}.Debug|Any CPU.ActiveCfg = Debug|Any CPU
		{E6D760D3-A2BB-4AC6-9F89-A9D1B7363D2C}.Debug|Any CPU.Build.0 = Debug|Any CPU
		{E6D760D3-A2BB-4AC6-9F89-A9D1B7363D2C}.Release|Any CPU.ActiveCfg = Release|Any CPU
		{E6D760D3-A2BB-4AC6-9F89-A9D1B7363D2C}.Release|Any CPU.Build.0 = Release|Any CPU
		{F9A0C834-8639-4676-AA3E-EAEE3073DD5F}.Debug|Any CPU.ActiveCfg = Debug|Any CPU
		{F9A0C834-8639-4676-AA3E-EAEE3073DD5F}.Debug|Any CPU.Build.0 = Debug|Any CPU
		{F9A0C834-8639-4676-AA3E-EAEE3073DD5F}.Release|Any CPU.ActiveCfg = Release|Any CPU
		{F9A0C834-8639-4676-AA3E-EAEE3073DD5F}.Release|Any CPU.Build.0 = Release|Any CPU
		{0340515F-A77A-4D8F-BA0A-88525E26B46A}.Debug|Any CPU.ActiveCfg = Debug|Any CPU
		{0340515F-A77A-4D8F-BA0A-88525E26B46A}.Debug|Any CPU.Build.0 = Debug|Any CPU
		{0340515F-A77A-4D8F-BA0A-88525E26B46A}.Release|Any CPU.ActiveCfg = Release|Any CPU
		{0340515F-A77A-4D8F-BA0A-88525E26B46A}.Release|Any CPU.Build.0 = Release|Any CPU
		{E6D72E2A-13F4-41A1-B917-58821E5E0697}.Debug|Any CPU.ActiveCfg = Debug|Any CPU
		{E6D72E2A-13F4-41A1-B917-58821E5E0697}.Debug|Any CPU.Build.0 = Debug|Any CPU
		{E6D72E2A-13F4-41A1-B917-58821E5E0697}.Release|Any CPU.ActiveCfg = Release|Any CPU
		{E6D72E2A-13F4-41A1-B917-58821E5E0697}.Release|Any CPU.Build.0 = Release|Any CPU
		{1EB1F252-F7D1-41CB-8D3A-88A491F58DC7}.Debug|Any CPU.ActiveCfg = Debug|Any CPU
		{1EB1F252-F7D1-41CB-8D3A-88A491F58DC7}.Debug|Any CPU.Build.0 = Debug|Any CPU
		{1EB1F252-F7D1-41CB-8D3A-88A491F58DC7}.Release|Any CPU.ActiveCfg = Release|Any CPU
		{1EB1F252-F7D1-41CB-8D3A-88A491F58DC7}.Release|Any CPU.Build.0 = Release|Any CPU
		{EF5C56C0-5513-4456-AE34-122FBB570A09}.Debug|Any CPU.ActiveCfg = Debug|Any CPU
		{EF5C56C0-5513-4456-AE34-122FBB570A09}.Debug|Any CPU.Build.0 = Debug|Any CPU
		{EF5C56C0-5513-4456-AE34-122FBB570A09}.Release|Any CPU.ActiveCfg = Release|Any CPU
		{EF5C56C0-5513-4456-AE34-122FBB570A09}.Release|Any CPU.Build.0 = Release|Any CPU
		{73EAADC0-012F-440D-B66D-8D438EA1423B}.Debug|Any CPU.ActiveCfg = Debug|Any CPU
		{73EAADC0-012F-440D-B66D-8D438EA1423B}.Debug|Any CPU.Build.0 = Debug|Any CPU
		{73EAADC0-012F-440D-B66D-8D438EA1423B}.Release|Any CPU.ActiveCfg = Release|Any CPU
		{73EAADC0-012F-440D-B66D-8D438EA1423B}.Release|Any CPU.Build.0 = Release|Any CPU
		{DF9AD2F4-BDF5-4E3B-80F5-90B873293A5E}.Debug|Any CPU.ActiveCfg = Debug|Any CPU
		{DF9AD2F4-BDF5-4E3B-80F5-90B873293A5E}.Debug|Any CPU.Build.0 = Debug|Any CPU
		{DF9AD2F4-BDF5-4E3B-80F5-90B873293A5E}.Release|Any CPU.ActiveCfg = Release|Any CPU
		{DF9AD2F4-BDF5-4E3B-80F5-90B873293A5E}.Release|Any CPU.Build.0 = Release|Any CPU
		{00A0CD4B-6B32-4865-B5E9-C7F7F2F33FA5}.Debug|Any CPU.ActiveCfg = Debug|Any CPU
		{00A0CD4B-6B32-4865-B5E9-C7F7F2F33FA5}.Debug|Any CPU.Build.0 = Debug|Any CPU
		{00A0CD4B-6B32-4865-B5E9-C7F7F2F33FA5}.Release|Any CPU.ActiveCfg = Release|Any CPU
		{00A0CD4B-6B32-4865-B5E9-C7F7F2F33FA5}.Release|Any CPU.Build.0 = Release|Any CPU
		{A248A21D-BBC9-4C3E-9A0A-F0374BCF01D2}.Debug|Any CPU.ActiveCfg = Debug|Any CPU
		{A248A21D-BBC9-4C3E-9A0A-F0374BCF01D2}.Debug|Any CPU.Build.0 = Debug|Any CPU
		{A248A21D-BBC9-4C3E-9A0A-F0374BCF01D2}.Release|Any CPU.ActiveCfg = Release|Any CPU
		{A248A21D-BBC9-4C3E-9A0A-F0374BCF01D2}.Release|Any CPU.Build.0 = Release|Any CPU
		{A6D64411-4938-435B-99CE-CEF3DE0E1EC3}.Debug|Any CPU.ActiveCfg = Debug|Any CPU
		{A6D64411-4938-435B-99CE-CEF3DE0E1EC3}.Debug|Any CPU.Build.0 = Debug|Any CPU
		{A6D64411-4938-435B-99CE-CEF3DE0E1EC3}.Release|Any CPU.ActiveCfg = Release|Any CPU
		{A6D64411-4938-435B-99CE-CEF3DE0E1EC3}.Release|Any CPU.Build.0 = Release|Any CPU
		{9643CE2B-A5C1-4EC4-8563-CD750573B0F8}.Debug|Any CPU.ActiveCfg = Debug|Any CPU
		{9643CE2B-A5C1-4EC4-8563-CD750573B0F8}.Debug|Any CPU.Build.0 = Debug|Any CPU
		{9643CE2B-A5C1-4EC4-8563-CD750573B0F8}.Release|Any CPU.ActiveCfg = Release|Any CPU
		{9643CE2B-A5C1-4EC4-8563-CD750573B0F8}.Release|Any CPU.Build.0 = Release|Any CPU
		{EA68F764-13C9-474B-B188-13EBAE3D91DE}.Debug|Any CPU.ActiveCfg = Debug|Any CPU
		{EA68F764-13C9-474B-B188-13EBAE3D91DE}.Debug|Any CPU.Build.0 = Debug|Any CPU
		{EA68F764-13C9-474B-B188-13EBAE3D91DE}.Release|Any CPU.ActiveCfg = Release|Any CPU
		{EA68F764-13C9-474B-B188-13EBAE3D91DE}.Release|Any CPU.Build.0 = Release|Any CPU
		{950EFABF-DDFF-4ED3-BDAB-A86FC6ACF071}.Debug|Any CPU.ActiveCfg = Debug|Any CPU
		{950EFABF-DDFF-4ED3-BDAB-A86FC6ACF071}.Debug|Any CPU.Build.0 = Debug|Any CPU
		{950EFABF-DDFF-4ED3-BDAB-A86FC6ACF071}.Release|Any CPU.ActiveCfg = Release|Any CPU
		{950EFABF-DDFF-4ED3-BDAB-A86FC6ACF071}.Release|Any CPU.Build.0 = Release|Any CPU
		{CF183C36-9E42-49E3-948B-36D95CBCED7A}.Debug|Any CPU.ActiveCfg = Debug|Any CPU
		{CF183C36-9E42-49E3-948B-36D95CBCED7A}.Debug|Any CPU.Build.0 = Debug|Any CPU
		{CF183C36-9E42-49E3-948B-36D95CBCED7A}.Release|Any CPU.ActiveCfg = Release|Any CPU
		{CF183C36-9E42-49E3-948B-36D95CBCED7A}.Release|Any CPU.Build.0 = Release|Any CPU
		{B53A6D60-9886-4D06-B550-AC9A27B11797}.Debug|Any CPU.ActiveCfg = Debug|Any CPU
		{B53A6D60-9886-4D06-B550-AC9A27B11797}.Debug|Any CPU.Build.0 = Debug|Any CPU
		{B53A6D60-9886-4D06-B550-AC9A27B11797}.Release|Any CPU.ActiveCfg = Release|Any CPU
		{B53A6D60-9886-4D06-B550-AC9A27B11797}.Release|Any CPU.Build.0 = Release|Any CPU
		{D971475D-6DA4-4668-B936-05BCB01874B0}.Debug|Any CPU.ActiveCfg = Debug|Any CPU
		{D971475D-6DA4-4668-B936-05BCB01874B0}.Debug|Any CPU.Build.0 = Debug|Any CPU
		{D971475D-6DA4-4668-B936-05BCB01874B0}.Release|Any CPU.ActiveCfg = Release|Any CPU
		{D971475D-6DA4-4668-B936-05BCB01874B0}.Release|Any CPU.Build.0 = Release|Any CPU
		{B1580C61-EA39-433F-8279-623CBDED29C7}.Debug|Any CPU.ActiveCfg = Debug|Any CPU
		{B1580C61-EA39-433F-8279-623CBDED29C7}.Debug|Any CPU.Build.0 = Debug|Any CPU
		{B1580C61-EA39-433F-8279-623CBDED29C7}.Release|Any CPU.ActiveCfg = Release|Any CPU
		{B1580C61-EA39-433F-8279-623CBDED29C7}.Release|Any CPU.Build.0 = Release|Any CPU
		{4F439261-F407-4E4C-992B-571770D1D484}.Debug|Any CPU.ActiveCfg = Debug|Any CPU
		{4F439261-F407-4E4C-992B-571770D1D484}.Debug|Any CPU.Build.0 = Debug|Any CPU
		{4F439261-F407-4E4C-992B-571770D1D484}.Release|Any CPU.ActiveCfg = Release|Any CPU
		{4F439261-F407-4E4C-992B-571770D1D484}.Release|Any CPU.Build.0 = Release|Any CPU
		{3F78B850-FCF7-4FAB-8882-D76B7D1FEE00}.Debug|Any CPU.ActiveCfg = Debug|Any CPU
		{3F78B850-FCF7-4FAB-8882-D76B7D1FEE00}.Debug|Any CPU.Build.0 = Debug|Any CPU
		{3F78B850-FCF7-4FAB-8882-D76B7D1FEE00}.Release|Any CPU.ActiveCfg = Release|Any CPU
		{3F78B850-FCF7-4FAB-8882-D76B7D1FEE00}.Release|Any CPU.Build.0 = Release|Any CPU
		{316017E1-334A-4E20-B7F6-093D1F94557B}.Debug|Any CPU.ActiveCfg = Debug|Any CPU
		{316017E1-334A-4E20-B7F6-093D1F94557B}.Debug|Any CPU.Build.0 = Debug|Any CPU
		{316017E1-334A-4E20-B7F6-093D1F94557B}.Release|Any CPU.ActiveCfg = Release|Any CPU
		{316017E1-334A-4E20-B7F6-093D1F94557B}.Release|Any CPU.Build.0 = Release|Any CPU
		{DF7EF63D-0B2C-42F2-82E9-668AF70F4836}.Debug|Any CPU.ActiveCfg = Debug|Any CPU
		{DF7EF63D-0B2C-42F2-82E9-668AF70F4836}.Debug|Any CPU.Build.0 = Debug|Any CPU
		{DF7EF63D-0B2C-42F2-82E9-668AF70F4836}.Release|Any CPU.ActiveCfg = Release|Any CPU
		{DF7EF63D-0B2C-42F2-82E9-668AF70F4836}.Release|Any CPU.Build.0 = Release|Any CPU
		{DF8E0D3C-AD79-457B-9F3D-F434467C8FD8}.Debug|Any CPU.ActiveCfg = Debug|Any CPU
		{DF8E0D3C-AD79-457B-9F3D-F434467C8FD8}.Debug|Any CPU.Build.0 = Debug|Any CPU
		{DF8E0D3C-AD79-457B-9F3D-F434467C8FD8}.Release|Any CPU.ActiveCfg = Release|Any CPU
		{DF8E0D3C-AD79-457B-9F3D-F434467C8FD8}.Release|Any CPU.Build.0 = Release|Any CPU
		{2EC3BB97-F35D-4C82-8C20-6DB4DE5089C7}.Debug|Any CPU.ActiveCfg = Debug|Any CPU
		{2EC3BB97-F35D-4C82-8C20-6DB4DE5089C7}.Debug|Any CPU.Build.0 = Debug|Any CPU
		{2EC3BB97-F35D-4C82-8C20-6DB4DE5089C7}.Release|Any CPU.ActiveCfg = Release|Any CPU
		{2EC3BB97-F35D-4C82-8C20-6DB4DE5089C7}.Release|Any CPU.Build.0 = Release|Any CPU
		{74853295-D52A-4A4D-BD98-4FC287C8BB47}.Debug|Any CPU.ActiveCfg = Debug|Any CPU
		{74853295-D52A-4A4D-BD98-4FC287C8BB47}.Debug|Any CPU.Build.0 = Debug|Any CPU
		{74853295-D52A-4A4D-BD98-4FC287C8BB47}.Release|Any CPU.ActiveCfg = Release|Any CPU
		{74853295-D52A-4A4D-BD98-4FC287C8BB47}.Release|Any CPU.Build.0 = Release|Any CPU
		{591D1CDC-1251-4DDB-9482-ED250F43EC0C}.Debug|Any CPU.ActiveCfg = Debug|Any CPU
		{591D1CDC-1251-4DDB-9482-ED250F43EC0C}.Debug|Any CPU.Build.0 = Debug|Any CPU
		{591D1CDC-1251-4DDB-9482-ED250F43EC0C}.Release|Any CPU.ActiveCfg = Release|Any CPU
		{591D1CDC-1251-4DDB-9482-ED250F43EC0C}.Release|Any CPU.Build.0 = Release|Any CPU
	EndGlobalSection
	GlobalSection(SolutionProperties) = preSolution
		HideSolutionNode = FALSE
	EndGlobalSection
	GlobalSection(NestedProjects) = preSolution
		{884823B1-3FC5-4A85-9089-053E32F8B99D} = {55D098DB-62B2-4DEC-B637-3B2C6F795763}
		{3B782E25-2CC3-45EB-9F23-F57847096F24} = {55D098DB-62B2-4DEC-B637-3B2C6F795763}
		{D9DB9834-DB7A-4A53-A457-0A0E10A11C6D} = {55D098DB-62B2-4DEC-B637-3B2C6F795763}
		{198B3A35-BE57-4784-B23E-8A923EB0C347} = {55D098DB-62B2-4DEC-B637-3B2C6F795763}
		{4861A717-050C-4946-9CA0-F8C0EB39FA40} = {55D098DB-62B2-4DEC-B637-3B2C6F795763}
		{998992EA-FA86-461E-BDE3-82E3B8FE7849} = {55D098DB-62B2-4DEC-B637-3B2C6F795763}
		{846FA9AF-BEEB-4999-B718-12AE29818700} = {DF1FEA80-3EBE-49D1-8117-D213C35065AA}
		{2B7848A7-3B27-4D4C-9F13-4B9DDBA242FD} = {DF1FEA80-3EBE-49D1-8117-D213C35065AA}
		{F2FEE309-7F95-43A4-A92E-3B98AD24334D} = {DF1FEA80-3EBE-49D1-8117-D213C35065AA}
		{BBC3AC08-9015-4630-AEA3-47197A77EF92} = {DF1FEA80-3EBE-49D1-8117-D213C35065AA}
		{225775B0-853E-4AFE-B1C3-9AD599075BF1} = {DF1FEA80-3EBE-49D1-8117-D213C35065AA}
		{15A69178-7074-49F2-AF3D-2E5C1203FA62} = {DF1FEA80-3EBE-49D1-8117-D213C35065AA}
		{287DECA5-DFF0-4D53-9011-51B540975E14} = {DF1FEA80-3EBE-49D1-8117-D213C35065AA}
		{91EE4AF0-F485-4634-88F4-83DE13D8259D} = {DF1FEA80-3EBE-49D1-8117-D213C35065AA}
		{353CC87D-B610-4A26-9F79-B21D5F4D49DA} = {DF1FEA80-3EBE-49D1-8117-D213C35065AA}
		{2DF4F951-5B7B-46C2-B447-690E5F0D26C3} = {DF1FEA80-3EBE-49D1-8117-D213C35065AA}
		{100F667C-811D-4649-9C1E-BC9F2E135E43} = {DF1FEA80-3EBE-49D1-8117-D213C35065AA}
		{FDAE1D4F-CBEE-45BF-A24E-42EA6F0BAA4D} = {DF1FEA80-3EBE-49D1-8117-D213C35065AA}
		{F32D0E46-DC5A-4898-ACDF-19DD81636D1C} = {DF1FEA80-3EBE-49D1-8117-D213C35065AA}
		{7F0B0E11-854A-4F2D-8BAF-5BCA2D231D72} = {DF1FEA80-3EBE-49D1-8117-D213C35065AA}
		{F06D49EA-1A46-4A02-A64D-00A2AE45BF6A} = {DF1FEA80-3EBE-49D1-8117-D213C35065AA}
		{81FE3793-48D6-4955-BDEC-4B936D1E0535} = {DF1FEA80-3EBE-49D1-8117-D213C35065AA}
		{0D6436DB-7B05-4691-A42D-DE21C7E68422} = {DF1FEA80-3EBE-49D1-8117-D213C35065AA}
		{A27FB91B-9C65-47FE-A936-C02ADB579991} = {C629B453-3ED3-407E-B1F7-750B44C7E374}
		{9EB67013-32F8-49BE-A8FD-1FCA54DEEB89} = {C629B453-3ED3-407E-B1F7-750B44C7E374}
		{006B73BC-93CF-46DD-81F1-E337BF6DB182} = {C629B453-3ED3-407E-B1F7-750B44C7E374}
		{5443EE54-5794-4F2E-B9CA-4AE14DDE7047} = {C629B453-3ED3-407E-B1F7-750B44C7E374}
		{9FF8D0E6-F638-457F-AAB9-D72D49309904} = {C629B453-3ED3-407E-B1F7-750B44C7E374}
		{01747A96-6D36-480A-B33D-DB13A770CDA2} = {C629B453-3ED3-407E-B1F7-750B44C7E374}
		{D1D96B8B-B897-401A-95D4-30BC79BCA194} = {C629B453-3ED3-407E-B1F7-750B44C7E374}
		{B8756DD2-0C65-4B63-81DD-14FE10703879} = {C629B453-3ED3-407E-B1F7-750B44C7E374}
		{F267C09E-06AC-41BB-9C78-5647F65972D6} = {C629B453-3ED3-407E-B1F7-750B44C7E374}
		{4075D48E-9EF1-4CB6-8137-1AB525CC2891} = {C629B453-3ED3-407E-B1F7-750B44C7E374}
		{FA6C3785-CA2C-466F-98EC-6FFB3ECCB4A6} = {C629B453-3ED3-407E-B1F7-750B44C7E374}
		{99445A3D-32EF-40D8-9AD0-64FE3D66C9C7} = {C629B453-3ED3-407E-B1F7-750B44C7E374}
		{47C730C4-8342-48FA-82CF-CE2602DEBC23} = {C629B453-3ED3-407E-B1F7-750B44C7E374}
		{E6D760D3-A2BB-4AC6-9F89-A9D1B7363D2C} = {C629B453-3ED3-407E-B1F7-750B44C7E374}
		{F9A0C834-8639-4676-AA3E-EAEE3073DD5F} = {C629B453-3ED3-407E-B1F7-750B44C7E374}
		{0340515F-A77A-4D8F-BA0A-88525E26B46A} = {C629B453-3ED3-407E-B1F7-750B44C7E374}
		{E6D72E2A-13F4-41A1-B917-58821E5E0697} = {C629B453-3ED3-407E-B1F7-750B44C7E374}
		{1EB1F252-F7D1-41CB-8D3A-88A491F58DC7} = {C629B453-3ED3-407E-B1F7-750B44C7E374}
		{EF5C56C0-5513-4456-AE34-122FBB570A09} = {C629B453-3ED3-407E-B1F7-750B44C7E374}
		{73EAADC0-012F-440D-B66D-8D438EA1423B} = {9A4FE288-7EAE-4B7D-98B7-591C8671AAA5}
		{DF9AD2F4-BDF5-4E3B-80F5-90B873293A5E} = {9A4FE288-7EAE-4B7D-98B7-591C8671AAA5}
		{00A0CD4B-6B32-4865-B5E9-C7F7F2F33FA5} = {9A4FE288-7EAE-4B7D-98B7-591C8671AAA5}
		{A248A21D-BBC9-4C3E-9A0A-F0374BCF01D2} = {9A4FE288-7EAE-4B7D-98B7-591C8671AAA5}
		{A6D64411-4938-435B-99CE-CEF3DE0E1EC3} = {9A4FE288-7EAE-4B7D-98B7-591C8671AAA5}
		{9643CE2B-A5C1-4EC4-8563-CD750573B0F8} = {9A4FE288-7EAE-4B7D-98B7-591C8671AAA5}
		{EA68F764-13C9-474B-B188-13EBAE3D91DE} = {5587F076-A54F-45ED-A409-193F6FA83AFC}
		{950EFABF-DDFF-4ED3-BDAB-A86FC6ACF071} = {5587F076-A54F-45ED-A409-193F6FA83AFC}
		{CF183C36-9E42-49E3-948B-36D95CBCED7A} = {5587F076-A54F-45ED-A409-193F6FA83AFC}
		{B53A6D60-9886-4D06-B550-AC9A27B11797} = {5587F076-A54F-45ED-A409-193F6FA83AFC}
		{D971475D-6DA4-4668-B936-05BCB01874B0} = {5587F076-A54F-45ED-A409-193F6FA83AFC}
		{B1580C61-EA39-433F-8279-623CBDED29C7} = {5587F076-A54F-45ED-A409-193F6FA83AFC}
		{4F439261-F407-4E4C-992B-571770D1D484} = {5587F076-A54F-45ED-A409-193F6FA83AFC}
		{3F78B850-FCF7-4FAB-8882-D76B7D1FEE00} = {5587F076-A54F-45ED-A409-193F6FA83AFC}
		{316017E1-334A-4E20-B7F6-093D1F94557B} = {5587F076-A54F-45ED-A409-193F6FA83AFC}
		{DF7EF63D-0B2C-42F2-82E9-668AF70F4836} = {5587F076-A54F-45ED-A409-193F6FA83AFC}
		{DF8E0D3C-AD79-457B-9F3D-F434467C8FD8} = {5587F076-A54F-45ED-A409-193F6FA83AFC}
		{2EC3BB97-F35D-4C82-8C20-6DB4DE5089C7} = {5587F076-A54F-45ED-A409-193F6FA83AFC}
		{74853295-D52A-4A4D-BD98-4FC287C8BB47} = {F989E856-5545-438F-BEC0-ADB28DD50721}
		{591D1CDC-1251-4DDB-9482-ED250F43EC0C} = {F989E856-5545-438F-BEC0-ADB28DD50721}
	EndGlobalSection
	GlobalSection(ExtensibilityGlobals) = postSolution
		SolutionGuid = {325CA4A0-4972-4DD8-8342-E02178B1F618}
	EndGlobalSection
EndGlobal
